
Microsoft Visual Studio Solution File, Format Version 12.00
# Visual Studio 15
VisualStudioVersion = 15.0.27130.2036
MinimumVisualStudioVersion = 10.0.40219.1
Project("{8BC9CEB8-8B4A-11D0-8D11-00A0C91BC942}") = "DarkFlowers", "DarkFlowers.vcxproj", "{328951AE-9E5F-4B25-9053-E1C35CC38435}"
	ProjectSection(ProjectDependencies) = postProject
		{0557BECB-1361-4794-80CA-99530A93AA58} = {0557BECB-1361-4794-80CA-99530A93AA58}
	EndProjectSection
EndProject
Project("{8BC9CEB8-8B4A-11D0-8D11-00A0C91BC942}") = "libdfo", "subprojects\DFOUtils\libdfo\libdfo.vcxproj", "{0557BECB-1361-4794-80CA-99530A93AA58}"
EndProject
Global
	GlobalSection(SolutionConfigurationPlatforms) = preSolution
		Debug|x64 = Debug|x64
		Debug|x86 = Debug|x86
		Release|x64 = Release|x64
		Release|x86 = Release|x86
	EndGlobalSection
	GlobalSection(ProjectConfigurationPlatforms) = postSolution
		{328951AE-9E5F-4B25-9053-E1C35CC38435}.Debug|x64.ActiveCfg = Debug|x64
		{328951AE-9E5F-4B25-9053-E1C35CC38435}.Debug|x64.Build.0 = Debug|x64
		{328951AE-9E5F-4B25-9053-E1C35CC38435}.Debug|x86.ActiveCfg = Debug|Win32
		{328951AE-9E5F-4B25-9053-E1C35CC38435}.Debug|x86.Build.0 = Debug|Win32
		{328951AE-9E5F-4B25-9053-E1C35CC38435}.Release|x64.ActiveCfg = Release|x64
		{328951AE-9E5F-4B25-9053-E1C35CC38435}.Release|x64.Build.0 = Release|x64
		{328951AE-9E5F-4B25-9053-E1C35CC38435}.Release|x86.ActiveCfg = Release|Win32
		{328951AE-9E5F-4B25-9053-E1C35CC38435}.Release|x86.Build.0 = Release|Win32
		{0557BECB-1361-4794-80CA-99530A93AA58}.Debug|x64.ActiveCfg = Debug|x64
		{0557BECB-1361-4794-80CA-99530A93AA58}.Debug|x64.Build.0 = Debug|x64
		{0557BECB-1361-4794-80CA-99530A93AA58}.Debug|x86.ActiveCfg = Debug|Win32
		{0557BECB-1361-4794-80CA-99530A93AA58}.Debug|x86.Build.0 = Debug|Win32
		{0557BECB-1361-4794-80CA-99530A93AA58}.Release|x64.ActiveCfg = Release|x64
		{0557BECB-1361-4794-80CA-99530A93AA58}.Release|x64.Build.0 = Release|x64
		{0557BECB-1361-4794-80CA-99530A93AA58}.Release|x86.ActiveCfg = Release|Win32
		{0557BECB-1361-4794-80CA-99530A93AA58}.Release|x86.Build.0 = Release|Win32
	EndGlobalSection
	GlobalSection(SolutionProperties) = preSolution
		HideSolutionNode = FALSE
	EndGlobalSection
	GlobalSection(ExtensibilityGlobals) = postSolution
		SolutionGuid = {5E779BE7-2CC0-4E52-803E-A4544F44D5EA}
	EndGlobalSection
EndGlobal
